
Microsoft Visual Studio Solution File, Format Version 12.00
# Visual Studio Version 17
VisualStudioVersion = 17.2.32602.215
MinimumVisualStudioVersion = 10.0.40219.1
Project("{FAE04EC0-301F-11D3-BF4B-00C04F79EFBC}") = "StudentManageApp", "StudentManageApp\StudentManageApp.csproj", "{F448242C-39DD-4217-A2AE-7E22B0A2EB59}"
EndProject
Global
	GlobalSection(SolutionConfigurationPlatforms) = preSolution
		Debug|Any CPU = Debug|Any CPU
		Release|Any CPU = Release|Any CPU
	EndGlobalSection
	GlobalSection(ProjectConfigurationPlatforms) = postSolution
		{F448242C-39DD-4217-A2AE-7E22B0A2EB59}.Debug|Any CPU.ActiveCfg = Debug|Any CPU
		{F448242C-39DD-4217-A2AE-7E22B0A2EB59}.Debug|Any CPU.Build.0 = Debug|Any CPU
		{F448242C-39DD-4217-A2AE-7E22B0A2EB59}.Release|Any CPU.ActiveCfg = Release|Any CPU
		{F448242C-39DD-4217-A2AE-7E22B0A2EB59}.Release|Any CPU.Build.0 = Release|Any CPU
	EndGlobalSection
	GlobalSection(SolutionProperties) = preSolution
		HideSolutionNode = FALSE
	EndGlobalSection
	GlobalSection(ExtensibilityGlobals) = postSolution
		SolutionGuid = {D4B699E1-4169-4A69-8299-8D8FB40D60DF}
	EndGlobalSection
EndGlobal
